// !$*UTF8*$!
{
	archiveVersion = 1;
	classes = {
	};
	objectVersion = 50;
	objects = {

/* Begin PBXBuildFile section */
		AA1DEE83237B256800A8FE57 /* AppDelegate.swift in Sources */ = {isa = PBXBuildFile; fileRef = AA1DEE82237B256800A8FE57 /* AppDelegate.swift */; };
		AA1DEE85237B256800A8FE57 /* ViewController.swift in Sources */ = {isa = PBXBuildFile; fileRef = AA1DEE84237B256800A8FE57 /* ViewController.swift */; };
		AA1DEE88237B256800A8FE57 /* Main.storyboard in Resources */ = {isa = PBXBuildFile; fileRef = AA1DEE86237B256800A8FE57 /* Main.storyboard */; };
		AA1DEE8A237B256900A8FE57 /* Assets.xcassets in Resources */ = {isa = PBXBuildFile; fileRef = AA1DEE89237B256900A8FE57 /* Assets.xcassets */; };
		AA1DEE8D237B256900A8FE57 /* LaunchScreen.storyboard in Resources */ = {isa = PBXBuildFile; fileRef = AA1DEE8B237B256900A8FE57 /* LaunchScreen.storyboard */; };
		AA1DEE96237B260200A8FE57 /* Owner.swift in Sources */ = {isa = PBXBuildFile; fileRef = AA1DEE95237B260200A8FE57 /* Owner.swift */; };
		AA1DEE98237B266D00A8FE57 /* Question.swift in Sources */ = {isa = PBXBuildFile; fileRef = AA1DEE97237B266D00A8FE57 /* Question.swift */; };
		AA1DEE9A237B26CA00A8FE57 /* Answer.swift in Sources */ = {isa = PBXBuildFile; fileRef = AA1DEE99237B26CA00A8FE57 /* Answer.swift */; };
		AA1DEE9C237B272700A8FE57 /* SearchResult.swift in Sources */ = {isa = PBXBuildFile; fileRef = AA1DEE9B237B272700A8FE57 /* SearchResult.swift */; };
		AA1DEEA5237B310600A8FE57 /* StackOverflowResource.swift in Sources */ = {isa = PBXBuildFile; fileRef = AA1DEEA4237B310600A8FE57 /* StackOverflowResource.swift */; };
		AA1DEEA7237B33FD00A8FE57 /* WebService.swift in Sources */ = {isa = PBXBuildFile; fileRef = AA1DEEA6237B33FD00A8FE57 /* WebService.swift */; };
		AA1DEEA9237B34A100A8FE57 /* StackOverflowResponse.swift in Sources */ = {isa = PBXBuildFile; fileRef = AA1DEEA8237B34A100A8FE57 /* StackOverflowResponse.swift */; };
/* End PBXBuildFile section */

/* Begin PBXFileReference section */
		AA1DEE7F237B256800A8FE57 /* SearchSO.app */ = {isa = PBXFileReference; explicitFileType = wrapper.application; includeInIndex = 0; path = SearchSO.app; sourceTree = BUILT_PRODUCTS_DIR; };
		AA1DEE82237B256800A8FE57 /* AppDelegate.swift */ = {isa = PBXFileReference; lastKnownFileType = sourcecode.swift; path = AppDelegate.swift; sourceTree = "<group>"; };
		AA1DEE84237B256800A8FE57 /* ViewController.swift */ = {isa = PBXFileReference; lastKnownFileType = sourcecode.swift; path = ViewController.swift; sourceTree = "<group>"; };
		AA1DEE87237B256800A8FE57 /* Base */ = {isa = PBXFileReference; lastKnownFileType = file.storyboard; name = Base; path = Base.lproj/Main.storyboard; sourceTree = "<group>"; };
		AA1DEE89237B256900A8FE57 /* Assets.xcassets */ = {isa = PBXFileReference; lastKnownFileType = folder.assetcatalog; path = Assets.xcassets; sourceTree = "<group>"; };
		AA1DEE8C237B256900A8FE57 /* Base */ = {isa = PBXFileReference; lastKnownFileType = file.storyboard; name = Base; path = Base.lproj/LaunchScreen.storyboard; sourceTree = "<group>"; };
		AA1DEE8E237B256900A8FE57 /* Info.plist */ = {isa = PBXFileReference; lastKnownFileType = text.plist.xml; path = Info.plist; sourceTree = "<group>"; };
		AA1DEE95237B260200A8FE57 /* Owner.swift */ = {isa = PBXFileReference; lastKnownFileType = sourcecode.swift; path = Owner.swift; sourceTree = "<group>"; };
		AA1DEE97237B266D00A8FE57 /* Question.swift */ = {isa = PBXFileReference; lastKnownFileType = sourcecode.swift; path = Question.swift; sourceTree = "<group>"; };
		AA1DEE99237B26CA00A8FE57 /* Answer.swift */ = {isa = PBXFileReference; lastKnownFileType = sourcecode.swift; path = Answer.swift; sourceTree = "<group>"; };
		AA1DEE9B237B272700A8FE57 /* SearchResult.swift */ = {isa = PBXFileReference; lastKnownFileType = sourcecode.swift; path = SearchResult.swift; sourceTree = "<group>"; };
		AA1DEEA4237B310600A8FE57 /* StackOverflowResource.swift */ = {isa = PBXFileReference; lastKnownFileType = sourcecode.swift; path = StackOverflowResource.swift; sourceTree = "<group>"; };
		AA1DEEA6237B33FD00A8FE57 /* WebService.swift */ = {isa = PBXFileReference; lastKnownFileType = sourcecode.swift; path = WebService.swift; sourceTree = "<group>"; };
		AA1DEEA8237B34A100A8FE57 /* StackOverflowResponse.swift */ = {isa = PBXFileReference; lastKnownFileType = sourcecode.swift; path = StackOverflowResponse.swift; sourceTree = "<group>"; };
/* End PBXFileReference section */

/* Begin PBXFrameworksBuildPhase section */
		AA1DEE7C237B256800A8FE57 /* Frameworks */ = {
			isa = PBXFrameworksBuildPhase;
			buildActionMask = 2147483647;
			files = (
			);
			runOnlyForDeploymentPostprocessing = 0;
		};
/* End PBXFrameworksBuildPhase section */

/* Begin PBXGroup section */
		AA1DEE76237B256800A8FE57 = {
			isa = PBXGroup;
			children = (
				AA1DEE81237B256800A8FE57 /* SearchSO */,
				AA1DEE80237B256800A8FE57 /* Products */,
			);
			sourceTree = "<group>";
		};
		AA1DEE80237B256800A8FE57 /* Products */ = {
			isa = PBXGroup;
			children = (
				AA1DEE7F237B256800A8FE57 /* SearchSO.app */,
			);
			name = Products;
			sourceTree = "<group>";
		};
		AA1DEE81237B256800A8FE57 /* SearchSO */ = {
			isa = PBXGroup;
			children = (
				AA1DEE82237B256800A8FE57 /* AppDelegate.swift */,
				AA1DEE84237B256800A8FE57 /* ViewController.swift */,
				AA1DEE86237B256800A8FE57 /* Main.storyboard */,
				AA1DEE89237B256900A8FE57 /* Assets.xcassets */,
				AA1DEE9D237B2AEE00A8FE57 /* Network */,
				AA1DEE94237B25F600A8FE57 /* Data Objects */,
				AA1DEE8B237B256900A8FE57 /* LaunchScreen.storyboard */,
				AA1DEE8E237B256900A8FE57 /* Info.plist */,
			);
			path = SearchSO;
			sourceTree = "<group>";
		};
		AA1DEE94237B25F600A8FE57 /* Data Objects */ = {
			isa = PBXGroup;
			children = (
				AA1DEE95237B260200A8FE57 /* Owner.swift */,
				AA1DEE97237B266D00A8FE57 /* Question.swift */,
				AA1DEE99237B26CA00A8FE57 /* Answer.swift */,
				AA1DEE9B237B272700A8FE57 /* SearchResult.swift */,
			);
			path = "Data Objects";
			sourceTree = "<group>";
		};
		AA1DEE9D237B2AEE00A8FE57 /* Network */ = {
			isa = PBXGroup;
			children = (
				AA1DEEA4237B310600A8FE57 /* StackOverflowResource.swift */,
				AA1DEEA6237B33FD00A8FE57 /* WebService.swift */,
				AA1DEEA8237B34A100A8FE57 /* StackOverflowResponse.swift */,
			);
			path = Network;
			sourceTree = "<group>";
		};
/* End PBXGroup section */

/* Begin PBXNativeTarget section */
		AA1DEE7E237B256800A8FE57 /* SearchSO */ = {
			isa = PBXNativeTarget;
			buildConfigurationList = AA1DEE91237B256900A8FE57 /* Build configuration list for PBXNativeTarget "SearchSO" */;
			buildPhases = (
				AA1DEE7B237B256800A8FE57 /* Sources */,
				AA1DEE7C237B256800A8FE57 /* Frameworks */,
				AA1DEE7D237B256800A8FE57 /* Resources */,
			);
			buildRules = (
			);
			dependencies = (
			);
			name = SearchSO;
			productName = SearchSO;
			productReference = AA1DEE7F237B256800A8FE57 /* SearchSO.app */;
			productType = "com.apple.product-type.application";
		};
/* End PBXNativeTarget section */

/* Begin PBXProject section */
		AA1DEE77237B256800A8FE57 /* Project object */ = {
			isa = PBXProject;
			attributes = {
				LastSwiftUpdateCheck = 1000;
				LastUpgradeCheck = 1000;
				ORGANIZATIONNAME = utkarsh;
				TargetAttributes = {
					AA1DEE7E237B256800A8FE57 = {
						CreatedOnToolsVersion = 10.0;
					};
				};
			};
			buildConfigurationList = AA1DEE7A237B256800A8FE57 /* Build configuration list for PBXProject "SearchSO" */;
			compatibilityVersion = "Xcode 9.3";
			developmentRegion = en;
			hasScannedForEncodings = 0;
			knownRegions = (
				en,
				Base,
			);
			mainGroup = AA1DEE76237B256800A8FE57;
			productRefGroup = AA1DEE80237B256800A8FE57 /* Products */;
			projectDirPath = "";
			projectRoot = "";
			targets = (
				AA1DEE7E237B256800A8FE57 /* SearchSO */,
			);
		};
/* End PBXProject section */

/* Begin PBXResourcesBuildPhase section */
		AA1DEE7D237B256800A8FE57 /* Resources */ = {
			isa = PBXResourcesBuildPhase;
			buildActionMask = 2147483647;
			files = (
				AA1DEE8D237B256900A8FE57 /* LaunchScreen.storyboard in Resources */,
				AA1DEE8A237B256900A8FE57 /* Assets.xcassets in Resources */,
				AA1DEE88237B256800A8FE57 /* Main.storyboard in Resources */,
			);
			runOnlyForDeploymentPostprocessing = 0;
		};
/* End PBXResourcesBuildPhase section */

/* Begin PBXSourcesBuildPhase section */
		AA1DEE7B237B256800A8FE57 /* Sources */ = {
			isa = PBXSourcesBuildPhase;
			buildActionMask = 2147483647;
			files = (
				AA1DEEA5237B310600A8FE57 /* StackOverflowResource.swift in Sources */,
				AA1DEE85237B256800A8FE57 /* ViewController.swift in Sources */,
				AA1DEEA7237B33FD00A8FE57 /* WebService.swift in Sources */,
				AA1DEEA9237B34A100A8FE57 /* StackOverflowResponse.swift in Sources */,
				AA1DEE98237B266D00A8FE57 /* Question.swift in Sources */,
				AA1DEE9A237B26CA00A8FE57 /* Answer.swift in Sources */,
				AA1DEE96237B260200A8FE57 /* Owner.swift in Sources */,
				AA1DEE9C237B272700A8FE57 /* SearchResult.swift in Sources */,
				AA1DEE83237B256800A8FE57 /* AppDelegate.swift in Sources */,
			);
			runOnlyForDeploymentPostprocessing = 0;
		};
/* End PBXSourcesBuildPhase section */

/* Begin PBXVariantGroup section */
		AA1DEE86237B256800A8FE57 /* Main.storyboard */ = {
			isa = PBXVariantGroup;
			children = (
				AA1DEE87237B256800A8FE57 /* Base */,
			);
			name = Main.storyboard;
			sourceTree = "<group>";
		};
		AA1DEE8B237B256900A8FE57 /* LaunchScreen.storyboard */ = {
			isa = PBXVariantGroup;
			children = (
				AA1DEE8C237B256900A8FE57 /* Base */,
			);
			name = LaunchScreen.storyboard;
			sourceTree = "<group>";
		};
/* End PBXVariantGroup section */

/* Begin XCBuildConfiguration section */
		AA1DEE8F237B256900A8FE57 /* Debug */ = {
			isa = XCBuildConfiguration;
			buildSettings = {
				ALWAYS_SEARCH_USER_PATHS = NO;
				CLANG_ANALYZER_NONNULL = YES;
				CLANG_ANALYZER_NUMBER_OBJECT_CONVERSION = YES_AGGRESSIVE;
				CLANG_CXX_LANGUAGE_STANDARD = "gnu++14";
				CLANG_CXX_LIBRARY = "libc++";
				CLANG_ENABLE_MODULES = YES;
				CLANG_ENABLE_OBJC_ARC = YES;
				CLANG_ENABLE_OBJC_WEAK = YES;
				CLANG_WARN_BLOCK_CAPTURE_AUTORELEASING = YES;
				CLANG_WARN_BOOL_CONVERSION = YES;
				CLANG_WARN_COMMA = YES;
				CLANG_WARN_CONSTANT_CONVERSION = YES;
				CLANG_WARN_DEPRECATED_OBJC_IMPLEMENTATIONS = YES;
				CLANG_WARN_DIRECT_OBJC_ISA_USAGE = YES_ERROR;
				CLANG_WARN_DOCUMENTATION_COMMENTS = YES;
				CLANG_WARN_EMPTY_BODY = YES;
				CLANG_WARN_ENUM_CONVERSION = YES;
				CLANG_WARN_INFINITE_RECURSION = YES;
				CLANG_WARN_INT_CONVERSION = YES;
				CLANG_WARN_NON_LITERAL_NULL_CONVERSION = YES;
				CLANG_WARN_OBJC_IMPLICIT_RETAIN_SELF = YES;
				CLANG_WARN_OBJC_LITERAL_CONVERSION = YES;
				CLANG_WARN_OBJC_ROOT_CLASS = YES_ERROR;
				CLANG_WARN_RANGE_LOOP_ANALYSIS = YES;
				CLANG_WARN_STRICT_PROTOTYPES = YES;
				CLANG_WARN_SUSPICIOUS_MOVE = YES;
				CLANG_WARN_UNGUARDED_AVAILABILITY = YES_AGGRESSIVE;
				CLANG_WARN_UNREACHABLE_CODE = YES;
				CLANG_WARN__DUPLICATE_METHOD_MATCH = YES;
				CODE_SIGN_IDENTITY = "iPhone Developer";
				COPY_PHASE_STRIP = NO;
				DEBUG_INFORMATION_FORMAT = dwarf;
				ENABLE_STRICT_OBJC_MSGSEND = YES;
				ENABLE_TESTABILITY = YES;
				GCC_C_LANGUAGE_STANDARD = gnu11;
				GCC_DYNAMIC_NO_PIC = NO;
				GCC_NO_COMMON_BLOCKS = YES;
				GCC_OPTIMIZATION_LEVEL = 0;
				GCC_PREPROCESSOR_DEFINITIONS = (
					"DEBUG=1",
					"$(inherited)",
				);
				GCC_WARN_64_TO_32_BIT_CONVERSION = YES;
				GCC_WARN_ABOUT_RETURN_TYPE = YES_ERROR;
				GCC_WARN_UNDECLARED_SELECTOR = YES;
				GCC_WARN_UNINITIALIZED_AUTOS = YES_AGGRESSIVE;
				GCC_WARN_UNUSED_FUNCTION = YES;
				GCC_WARN_UNUSED_VARIABLE = YES;
				IPHONEOS_DEPLOYMENT_TARGET = 12.0;
				MTL_ENABLE_DEBUG_INFO = INCLUDE_SOURCE;
				MTL_FAST_MATH = YES;
				ONLY_ACTIVE_ARCH = YES;
				SDKROOT = iphoneos;
				SWIFT_ACTIVE_COMPILATION_CONDITIONS = DEBUG;
				SWIFT_OPTIMIZATION_LEVEL = "-Onone";
			};
			name = Debug;
		};
		AA1DEE90237B256900A8FE57 /* Release */ = {
			isa = XCBuildConfiguration;
			buildSettings = {
				ALWAYS_SEARCH_USER_PATHS = NO;
				CLANG_ANALYZER_NONNULL = YES;
				CLANG_ANALYZER_NUMBER_OBJECT_CONVERSION = YES_AGGRESSIVE;
				CLANG_CXX_LANGUAGE_STANDARD = "gnu++14";
				CLANG_CXX_LIBRARY = "libc++";
				CLANG_ENABLE_MODULES = YES;
				CLANG_ENABLE_OBJC_ARC = YES;
				CLANG_ENABLE_OBJC_WEAK = YES;
				CLANG_WARN_BLOCK_CAPTURE_AUTORELEASING = YES;
				CLANG_WARN_BOOL_CONVERSION = YES;
				CLANG_WARN_COMMA = YES;
				CLANG_WARN_CONSTANT_CONVERSION = YES;
				CLANG_WARN_DEPRECATED_OBJC_IMPLEMENTATIONS = YES;
				CLANG_WARN_DIRECT_OBJC_ISA_USAGE = YES_ERROR;
				CLANG_WARN_DOCUMENTATION_COMMENTS = YES;
				CLANG_WARN_EMPTY_BODY = YES;
				CLANG_WARN_ENUM_CONVERSION = YES;
				CLANG_WARN_INFINITE_RECURSION = YES;
				CLANG_WARN_INT_CONVERSION = YES;
				CLANG_WARN_NON_LITERAL_NULL_CONVERSION = YES;
				CLANG_WARN_OBJC_IMPLICIT_RETAIN_SELF = YES;
				CLANG_WARN_OBJC_LITERAL_CONVERSION = YES;
				CLANG_WARN_OBJC_ROOT_CLASS = YES_ERROR;
				CLANG_WARN_RANGE_LOOP_ANALYSIS = YES;
				CLANG_WARN_STRICT_PROTOTYPES = YES;
				CLANG_WARN_SUSPICIOUS_MOVE = YES;
				CLANG_WARN_UNGUARDED_AVAILABILITY = YES_AGGRESSIVE;
				CLANG_WARN_UNREACHABLE_CODE = YES;
				CLANG_WARN__DUPLICATE_METHOD_MATCH = YES;
				CODE_SIGN_IDENTITY = "iPhone Developer";
				COPY_PHASE_STRIP = NO;
				DEBUG_INFORMATION_FORMAT = "dwarf-with-dsym";
				ENABLE_NS_ASSERTIONS = NO;
				ENABLE_STRICT_OBJC_MSGSEND = YES;
				GCC_C_LANGUAGE_STANDARD = gnu11;
				GCC_NO_COMMON_BLOCKS = YES;
				GCC_WARN_64_TO_32_BIT_CONVERSION = YES;
				GCC_WARN_ABOUT_RETURN_TYPE = YES_ERROR;
				GCC_WARN_UNDECLARED_SELECTOR = YES;
				GCC_WARN_UNINITIALIZED_AUTOS = YES_AGGRESSIVE;
				GCC_WARN_UNUSED_FUNCTION = YES;
				GCC_WARN_UNUSED_VARIABLE = YES;
				IPHONEOS_DEPLOYMENT_TARGET = 12.0;
				MTL_ENABLE_DEBUG_INFO = NO;
				MTL_FAST_MATH = YES;
				SDKROOT = iphoneos;
				SWIFT_COMPILATION_MODE = wholemodule;
				SWIFT_OPTIMIZATION_LEVEL = "-O";
				VALIDATE_PRODUCT = YES;
			};
			name = Release;
		};
		AA1DEE92237B256900A8FE57 /* Debug */ = {
			isa = XCBuildConfiguration;
			buildSettings = {
				ASSETCATALOG_COMPILER_APPICON_NAME = AppIcon;
				CODE_SIGN_STYLE = Automatic;
				DEVELOPMENT_TEAM = 75WN78RS4G;
				INFOPLIST_FILE = SearchSO/Info.plist;
				LD_RUNPATH_SEARCH_PATHS = (
					"$(inherited)",
					"@executable_path/Frameworks",
				);
				PRODUCT_BUNDLE_IDENTIFIER = com.helpshift.SearchSO;
				PRODUCT_NAME = "$(TARGET_NAME)";
				SWIFT_VERSION = 4.2;
				TARGETED_DEVICE_FAMILY = "1,2";
			};
			name = Debug;
		};
		AA1DEE93237B256900A8FE57 /* Release */ = {
			isa = XCBuildConfiguration;
			buildSettings = {
				ASSETCATALOG_COMPILER_APPICON_NAME = AppIcon;
				CODE_SIGN_STYLE = Automatic;
				DEVELOPMENT_TEAM = 75WN78RS4G;
				INFOPLIST_FILE = SearchSO/Info.plist;
				LD_RUNPATH_SEARCH_PATHS = (
					"$(inherited)",
					"@executable_path/Frameworks",
				);
				PRODUCT_BUNDLE_IDENTIFIER = com.helpshift.SearchSO;
				PRODUCT_NAME = "$(TARGET_NAME)";
				SWIFT_VERSION = 4.2;
				TARGETED_DEVICE_FAMILY = "1,2";
			};
			name = Release;
		};
/* End XCBuildConfiguration section */

/* Begin XCConfigurationList section */
		AA1DEE7A237B256800A8FE57 /* Build configuration list for PBXProject "SearchSO" */ = {
			isa = XCConfigurationList;
			buildConfigurations = (
				AA1DEE8F237B256900A8FE57 /* Debug */,
				AA1DEE90237B256900A8FE57 /* Release */,
			);
			defaultConfigurationIsVisible = 0;
			defaultConfigurationName = Release;
		};
		AA1DEE91237B256900A8FE57 /* Build configuration list for PBXNativeTarget "SearchSO" */ = {
			isa = XCConfigurationList;
			buildConfigurations = (
				AA1DEE92237B256900A8FE57 /* Debug */,
				AA1DEE93237B256900A8FE57 /* Release */,
			);
			defaultConfigurationIsVisible = 0;
			defaultConfigurationName = Release;
		};
/* End XCConfigurationList section */
	};
	rootObject = AA1DEE77237B256800A8FE57 /* Project object */;
}
